
Microsoft Visual Studio Solution File, Format Version 12.00
# Visual Studio 2017
Project("{FAE04EC0-301F-11D3-BF4B-00C04F79EFBC}") = "NeonShift.Plugins", "NeonShift.Plugins.csproj", "{4B2C7AFD-EFAF-B659-B5DD-5F0B4D685FD6}"
EndProject
Project("{FAE04EC0-301F-11D3-BF4B-00C04F79EFBC}") = "NeonShift", "NeonShift.csproj", "{9F98F575-E77C-4C6E-1798-2536F878F4F4}"
EndProject
Project("{FAE04EC0-301F-11D3-BF4B-00C04F79EFBC}") = "NeonShift.Editor.Plugins", "NeonShift.Editor.Plugins.csproj", "{C26E5F0E-77F1-8D7C-3D60-81C7EF270A1F}"
EndProject
Global
	GlobalSection(SolutionConfigurationPlatforms) = preSolution
		Debug|Any CPU = Debug|Any CPU
		Release|Any CPU = Release|Any CPU
	EndGlobalSection
	GlobalSection(ProjectConfigurationPlatforms) = postSolution
		{4B2C7AFD-EFAF-B659-B5DD-5F0B4D685FD6}.Debug|Any CPU.ActiveCfg = Debug|Any CPU
		{4B2C7AFD-EFAF-B659-B5DD-5F0B4D685FD6}.Debug|Any CPU.Build.0 = Debug|Any CPU
		{4B2C7AFD-EFAF-B659-B5DD-5F0B4D685FD6}.Release|Any CPU.ActiveCfg = Release|Any CPU
		{4B2C7AFD-EFAF-B659-B5DD-5F0B4D685FD6}.Release|Any CPU.Build.0 = Release|Any CPU
		{9F98F575-E77C-4C6E-1798-2536F878F4F4}.Debug|Any CPU.ActiveCfg = Debug|Any CPU
		{9F98F575-E77C-4C6E-1798-2536F878F4F4}.Debug|Any CPU.Build.0 = Debug|Any CPU
		{9F98F575-E77C-4C6E-1798-2536F878F4F4}.Release|Any CPU.ActiveCfg = Release|Any CPU
		{9F98F575-E77C-4C6E-1798-2536F878F4F4}.Release|Any CPU.Build.0 = Release|Any CPU
		{C26E5F0E-77F1-8D7C-3D60-81C7EF270A1F}.Debug|Any CPU.ActiveCfg = Debug|Any CPU
		{C26E5F0E-77F1-8D7C-3D60-81C7EF270A1F}.Debug|Any CPU.Build.0 = Debug|Any CPU
		{C26E5F0E-77F1-8D7C-3D60-81C7EF270A1F}.Release|Any CPU.ActiveCfg = Release|Any CPU
		{C26E5F0E-77F1-8D7C-3D60-81C7EF270A1F}.Release|Any CPU.Build.0 = Release|Any CPU
	EndGlobalSection
	GlobalSection(SolutionProperties) = preSolution
		HideSolutionNode = FALSE
	EndGlobalSection
EndGlobal
